
Microsoft Visual Studio Solution File, Format Version 12.00
# Visual Studio Version 16
VisualStudioVersion = 16.0.33328.57
MinimumVisualStudioVersion = 10.0.40219.1
Project("{FAE04EC0-301F-11D3-BF4B-00C04F79EFBC}") = "RepositoryManager", "RepositoryManager\RepositoryManager.csproj", "{336756FF-C85A-475C-8E5E-1732867BBF05}"
EndProject
Project("{FAE04EC0-301F-11D3-BF4B-00C04F79EFBC}") = "RepositoryManager.Test", "RepositoryManager.Test\RepositoryManager.Test.csproj", "{89863D0F-2324-4439-9A68-C52615BC955E}"
EndProject
Global
	GlobalSection(SolutionConfigurationPlatforms) = preSolution
		Debug|Any CPU = Debug|Any CPU
		Release|Any CPU = Release|Any CPU
	EndGlobalSection
	GlobalSection(ProjectConfigurationPlatforms) = postSolution
		{336756FF-C85A-475C-8E5E-1732867BBF05}.Debug|Any CPU.ActiveCfg = Debug|Any CPU
		{336756FF-C85A-475C-8E5E-1732867BBF05}.Debug|Any CPU.Build.0 = Debug|Any CPU
		{336756FF-C85A-475C-8E5E-1732867BBF05}.Release|Any CPU.ActiveCfg = Release|Any CPU
		{336756FF-C85A-475C-8E5E-1732867BBF05}.Release|Any CPU.Build.0 = Release|Any CPU
		{89863D0F-2324-4439-9A68-C52615BC955E}.Debug|Any CPU.ActiveCfg = Debug|Any CPU
		{89863D0F-2324-4439-9A68-C52615BC955E}.Debug|Any CPU.Build.0 = Debug|Any CPU
		{89863D0F-2324-4439-9A68-C52615BC955E}.Release|Any CPU.ActiveCfg = Release|Any CPU
		{89863D0F-2324-4439-9A68-C52615BC955E}.Release|Any CPU.Build.0 = Release|Any CPU
	EndGlobalSection
	GlobalSection(SolutionProperties) = preSolution
		HideSolutionNode = FALSE
	EndGlobalSection
	GlobalSection(ExtensibilityGlobals) = postSolution
		SolutionGuid = {A8B92578-B6A3-4BF2-9786-43B7E0432A84}
	EndGlobalSection
EndGlobal
